{
  "name": "2020-2021-INFO2-DW-DevMob-Project-EQUIPE2",
  "lockfileVersion": 2,
  "requires": true,
  "packages": {
    "": {
      "dependencies": {
        "@material/typography": "^10.0.0",
        "@types/leaflet": "^1.7.0",
        "bootstrap": "^4.6.0",
        "leaflet": "^1.7.1"
      }
    },
    "node_modules/@material/feature-targeting": {
      "version": "10.0.0",
      "resolved": "https://registry.npmjs.org/@material/feature-targeting/-/feature-targeting-10.0.0.tgz",
      "integrity": "sha512-Pn48jeeD2ScMq0NoR0k9SeC3UFOOTarKNIYxL+TkFRLGks/TgFoSIDRwXCzva/9umw9/Q2xOWrY/Gqs1zBIgOA=="
    },
    "node_modules/@material/theme": {
      "version": "10.0.0",
      "resolved": "https://registry.npmjs.org/@material/theme/-/theme-10.0.0.tgz",
      "integrity": "sha512-ll5UFjPR6np4jgTzDQO85VQg6FgLM0Vy1MlyJVRr/kn+2adX5hDxiBOnuC9fTeVhIBBPjbAMOFPa6VhNmAmkvg==",
      "dependencies": {
        "@material/feature-targeting": "^10.0.0"
      }
    },
    "node_modules/@material/typography": {
      "version": "10.0.0",
      "resolved": "https://registry.npmjs.org/@material/typography/-/typography-10.0.0.tgz",
      "integrity": "sha512-RtFfL/mfOOkliL/iXY1YPrx8Rw1LZWQC4Jpn2zs04xM+AhhDOcD4Hek5xcvWFjhzEmPUz7yhCTWsMOmVtsXzig==",
      "dependencies": {
        "@material/feature-targeting": "^10.0.0",
        "@material/theme": "^10.0.0"
      }
    },
    "node_modules/@types/geojson": {
      "version": "7946.0.7",
      "resolved": "https://registry.npmjs.org/@types/geojson/-/geojson-7946.0.7.tgz",
      "integrity": "sha512-wE2v81i4C4Ol09RtsWFAqg3BUitWbHSpSlIo+bNdsCJijO9sjme+zm+73ZMCa/qMC8UEERxzGbvmr1cffo2SiQ=="
    },
    "node_modules/@types/leaflet": {
      "version": "1.7.0",
      "resolved": "https://registry.npmjs.org/@types/leaflet/-/leaflet-1.7.0.tgz",
      "integrity": "sha512-ltv5jR+VjKSMtoDkxH61Rsbo0zLU7iqyOXpVPkAX4F+79fg2eymC7t0msWsfNaEZO1FGTIQATCCCQe+ijWoicg==",
      "dependencies": {
        "@types/geojson": "*"
      }
    },
    "node_modules/bootstrap": {
      "version": "4.6.0",
      "resolved": "https://registry.npmjs.org/bootstrap/-/bootstrap-4.6.0.tgz",
      "integrity": "sha512-Io55IuQY3kydzHtbGvQya3H+KorS/M9rSNyfCGCg9WZ4pyT/lCxIlpJgG1GXW/PswzC84Tr2fBYi+7+jFVQQBw==",
      "funding": {
        "type": "opencollective",
        "url": "https://opencollective.com/bootstrap"
      },
      "peerDependencies": {
        "jquery": "1.9.1 - 3",
        "popper.js": "^1.16.1"
      }
    },
    "node_modules/jquery": {
      "version": "3.6.0",
      "resolved": "https://registry.npmjs.org/jquery/-/jquery-3.6.0.tgz",
      "integrity": "sha512-JVzAR/AjBvVt2BmYhxRCSYysDsPcssdmTFnzyLEts9qNwmjmu4JTAMYubEfwVOSwpQ1I1sKKFcxhZCI2buerfw==",
      "peer": true
    },
    "node_modules/leaflet": {
      "version": "1.7.1",
      "resolved": "https://registry.npmjs.org/leaflet/-/leaflet-1.7.1.tgz",
      "integrity": "sha512-/xwPEBidtg69Q3HlqPdU3DnrXQOvQU/CCHA1tcDQVzOwm91YMYaILjNp7L4Eaw5Z4sOYdbBz6koWyibppd8Zqw=="
    },
    "node_modules/popper.js": {
      "version": "1.16.1",
      "resolved": "https://registry.npmjs.org/popper.js/-/popper.js-1.16.1.tgz",
      "integrity": "sha512-Wb4p1J4zyFTbM+u6WuO4XstYx4Ky9Cewe4DWrel7B0w6VVICvPwdOpotjzcf6eD8TsckVnIMNONQyPIUFOUbCQ==",
      "deprecated": "You can find the new Popper v2 at @popperjs/core, this package is dedicated to the legacy v1",
      "peer": true,
      "funding": {
        "type": "opencollective",
        "url": "https://opencollective.com/popperjs"
      }

    }
  },
  "dependencies": {
    "@material/feature-targeting": {
      "version": "10.0.0",
      "resolved": "https://registry.npmjs.org/@material/feature-targeting/-/feature-targeting-10.0.0.tgz",
      "integrity": "sha512-Pn48jeeD2ScMq0NoR0k9SeC3UFOOTarKNIYxL+TkFRLGks/TgFoSIDRwXCzva/9umw9/Q2xOWrY/Gqs1zBIgOA=="
    },
    "@material/theme": {
      "version": "10.0.0",
      "resolved": "https://registry.npmjs.org/@material/theme/-/theme-10.0.0.tgz",
      "integrity": "sha512-ll5UFjPR6np4jgTzDQO85VQg6FgLM0Vy1MlyJVRr/kn+2adX5hDxiBOnuC9fTeVhIBBPjbAMOFPa6VhNmAmkvg==",
      "requires": {
        "@material/feature-targeting": "^10.0.0"
      }
    },
    "@material/typography": {
      "version": "10.0.0",
      "resolved": "https://registry.npmjs.org/@material/typography/-/typography-10.0.0.tgz",
      "integrity": "sha512-RtFfL/mfOOkliL/iXY1YPrx8Rw1LZWQC4Jpn2zs04xM+AhhDOcD4Hek5xcvWFjhzEmPUz7yhCTWsMOmVtsXzig==",
      "requires": {
        "@material/feature-targeting": "^10.0.0",
        "@material/theme": "^10.0.0"
      }
    },
    "@types/geojson": {
      "version": "7946.0.7",
      "resolved": "https://registry.npmjs.org/@types/geojson/-/geojson-7946.0.7.tgz",
      "integrity": "sha512-wE2v81i4C4Ol09RtsWFAqg3BUitWbHSpSlIo+bNdsCJijO9sjme+zm+73ZMCa/qMC8UEERxzGbvmr1cffo2SiQ=="
    },
    "@types/leaflet": {
      "version": "1.7.0",
      "resolved": "https://registry.npmjs.org/@types/leaflet/-/leaflet-1.7.0.tgz",
      "integrity": "sha512-ltv5jR+VjKSMtoDkxH61Rsbo0zLU7iqyOXpVPkAX4F+79fg2eymC7t0msWsfNaEZO1FGTIQATCCCQe+ijWoicg==",
      "requires": {
        "@types/geojson": "*"
      }
    },
    "bootstrap": {
      "version": "4.6.0",
      "resolved": "https://registry.npmjs.org/bootstrap/-/bootstrap-4.6.0.tgz",
      "integrity": "sha512-Io55IuQY3kydzHtbGvQya3H+KorS/M9rSNyfCGCg9WZ4pyT/lCxIlpJgG1GXW/PswzC84Tr2fBYi+7+jFVQQBw==",
      "requires": {}
    },
    "jquery": {
      "version": "3.6.0",
      "resolved": "https://registry.npmjs.org/jquery/-/jquery-3.6.0.tgz",
      "integrity": "sha512-JVzAR/AjBvVt2BmYhxRCSYysDsPcssdmTFnzyLEts9qNwmjmu4JTAMYubEfwVOSwpQ1I1sKKFcxhZCI2buerfw==",
      "peer": true
    },
    "leaflet": {
      "version": "1.7.1",
      "resolved": "https://registry.npmjs.org/leaflet/-/leaflet-1.7.1.tgz",
      "integrity": "sha512-/xwPEBidtg69Q3HlqPdU3DnrXQOvQU/CCHA1tcDQVzOwm91YMYaILjNp7L4Eaw5Z4sOYdbBz6koWyibppd8Zqw=="
    },
    "popper.js": {
      "version": "1.16.1",
      "resolved": "https://registry.npmjs.org/popper.js/-/popper.js-1.16.1.tgz",
      "integrity": "sha512-Wb4p1J4zyFTbM+u6WuO4XstYx4Ky9Cewe4DWrel7B0w6VVICvPwdOpotjzcf6eD8TsckVnIMNONQyPIUFOUbCQ==",
      "peer": true
    }
  }
}
